{
  "object": {
    "pins": [
      {
        "package": "WhatToWearCommonCore",
        "repositoryURL": "https://github.com/Noobish1/whattowearcommoncore.git",
        "state": {
          "branch": null,
          "revision": "7ff4e8544bd42a9dca738a585280d1a3cc35b70f",
          "version": "2.1.0"
        }
      }
    ]
  },
  "version": 1
}
