PODS:
  - Nimble (7.3.1)
  - Quick (1.3.2)
  - SwiftLint (0.26.0)
  - Tagged (0.3.0)
  - TaggedTime (0.3.0):
    - Tagged (~> 0.3.0)
  - WhatToWearCommonCore (1.17.0)
  - WhatToWearCommonTesting (1.6.0):
    - WhatToWearCommonCore

DEPENDENCIES:
  - Nimble (= 7.3.1)
  - Quick (= 1.3.2)
  - SwiftLint (= 0.26.0)
  - TaggedTime (= 0.3.0)
  - "WhatToWearCommonCore (from `git@github.com:Noobish1/whattowearcommoncore.git`, tag `1.17.0`)"
  - "WhatToWearCommonTesting (from `git@github.com:Noobish1/whattowearcommontesting.git`, tag `1.6.0`)"

SPEC REPOS:
  https://github.com/cocoapods/specs.git:
    - Nimble
    - Quick
    - SwiftLint
    - Tagged
    - TaggedTime

EXTERNAL SOURCES:
  WhatToWearCommonCore:
    :git: "git@github.com:Noobish1/whattowearcommoncore.git"
    :tag: 1.17.0
  WhatToWearCommonTesting:
    :git: "git@github.com:Noobish1/whattowearcommontesting.git"
    :tag: 1.6.0

CHECKOUT OPTIONS:
  WhatToWearCommonCore:
    :git: "git@github.com:Noobish1/whattowearcommoncore.git"
    :tag: 1.17.0
  WhatToWearCommonTesting:
    :git: "git@github.com:Noobish1/whattowearcommontesting.git"
    :tag: 1.6.0

SPEC CHECKSUMS:
  Nimble: 04f732da099ea4d153122aec8c2a88fd0c7219ae
  Quick: 2623cb30d7a7f41ca62f684f679586558f483d46
  SwiftLint: f6b83e8d95ee1e91e11932d843af4fdcbf3fc764
  Tagged: 2b8146eff542cc7b0b76c46061483326ba71ea07
  TaggedTime: 6e1e6e5d5055dbdd08211bd8f0525f0430d510e3
  WhatToWearCommonCore: 1fe89c05f00a739e91f932bfdeea4eb3ce2db1fe
  WhatToWearCommonTesting: 4eb81a851ae2f574798ec9ce145f1b2c9b8cceb4

PODFILE CHECKSUM: 585bb3ee9ba276ccbddd99097b4abf9e6d843786

COCOAPODS: 1.6.0
